# THIS IS AN AUTOGENERATED FILE. DO NOT EDIT THIS FILE DIRECTLY.
# yarn lockfile v1


await-fs@^1.0.0:
  version "1.0.0"
  resolved "https://registry.yarnpkg.com/await-fs/-/await-fs-1.0.0.tgz#4009d3008633fd6625aa009f0a6f1aba3637f301"

csv-parse@^1.2.4:
  version "1.2.4"
  resolved "https://registry.yarnpkg.com/csv-parse/-/csv-parse-1.2.4.tgz#cbf676e355226625888c6432400b83f07e75cc2e"
